
Microsoft Visual Studio Solution File, Format Version 12.00
# Visual Studio Version 17
VisualStudioVersion = 17.0.31903.59
MinimumVisualStudioVersion = 10.0.40219.1
Project("{2150E333-8FDC-42A3-9474-1A3956D46DE8}") = "src", "src", "{62A2484F-51B3-4EDF-8727-4687C700CC87}"
EndProject
Project("{2150E333-8FDC-42A3-9474-1A3956D46DE8}") = "samples", "samples", "{907B188F-2C7A-403B-B4C5-EE4171E42C5B}"
EndProject
Project("{FAE04EC0-301F-11D3-BF4B-00C04F79EFBC}") = "AspnetSample", "samples\AspnetSample\AspnetSample.csproj", "{9E21F45D-2705-495F-A707-7E431D871A7E}"
EndProject
Project("{FAE04EC0-301F-11D3-BF4B-00C04F79EFBC}") = "DotnetDeploy", "src\DotnetDeploy\DotnetDeploy.csproj", "{DC83B605-103D-4757-82D0-E6EC7197D72D}"
EndProject
Global
	GlobalSection(SolutionConfigurationPlatforms) = preSolution
		Debug|Any CPU = Debug|Any CPU
		Release|Any CPU = Release|Any CPU
	EndGlobalSection
	GlobalSection(ProjectConfigurationPlatforms) = postSolution
		{9E21F45D-2705-495F-A707-7E431D871A7E}.Debug|Any CPU.ActiveCfg = Debug|Any CPU
		{9E21F45D-2705-495F-A707-7E431D871A7E}.Debug|Any CPU.Build.0 = Debug|Any CPU
		{9E21F45D-2705-495F-A707-7E431D871A7E}.Release|Any CPU.ActiveCfg = Release|Any CPU
		{9E21F45D-2705-495F-A707-7E431D871A7E}.Release|Any CPU.Build.0 = Release|Any CPU
		{DC83B605-103D-4757-82D0-E6EC7197D72D}.Debug|Any CPU.ActiveCfg = Debug|Any CPU
		{DC83B605-103D-4757-82D0-E6EC7197D72D}.Debug|Any CPU.Build.0 = Debug|Any CPU
		{DC83B605-103D-4757-82D0-E6EC7197D72D}.Release|Any CPU.ActiveCfg = Release|Any CPU
		{DC83B605-103D-4757-82D0-E6EC7197D72D}.Release|Any CPU.Build.0 = Release|Any CPU
	EndGlobalSection
	GlobalSection(SolutionProperties) = preSolution
		HideSolutionNode = FALSE
	EndGlobalSection
	GlobalSection(NestedProjects) = preSolution
		{9E21F45D-2705-495F-A707-7E431D871A7E} = {907B188F-2C7A-403B-B4C5-EE4171E42C5B}
		{DC83B605-103D-4757-82D0-E6EC7197D72D} = {62A2484F-51B3-4EDF-8727-4687C700CC87}
	EndGlobalSection
EndGlobal
